github.com/beorn7/perks v1.0.1 h1:VlbKKnNfV8bJzeqoa4cOKqO6bYr3WgKZxO8Z16+hsOM=
github.com/beorn7/perks v1.0.1/go.mod h1:G2ZrVWU2WbWT9wwq4/hrbKbnv/1ERSJQ0ibhJ6rlkpw=
github.com/cespare/xxhash/v2 v2.2.0 h1:DC2CZ1Ep5Y4k3ZQ899DldepgrayRUGE6BBZ/cd9Cj44=
github.com/cespare/xxhash/v2 v2.2.0/go.mod h1:VGX0DQ3Q6kWi7AoAeZDth3/j3BFtOZR5XLFGgcrjCOs=
github.com/davecgh/go-spew v1.1.1 h1:vj9j/u1bqnvCEfJOwUhtlOARqs3+rkHYY13jYWTU97c=
github.com/davecgh/go-spew v1.1.1/go.mod h1:J7Y8YcW2NihsgmVo/mv3lAwl/skON4iLHjSsI+c5H38=
github.com/dgryski/go-rendezvous v0.0.0-20200823014737-9f7001d12a5f h1:lO4WD4F/rVNCu3HqELle0jiPLLBs70cWOduZpkS1E78=
github.com/dgryski/go-rendezvous v0.0.0-20200823014737-9f7001d12a5f/go.mod h1:cuUVRXasLTGF7a8hSLbxyZXjz+1KgoB3wDUb6vlszIc=
github.com/go-chi/chi/v5 v5.0.12 h1:9euLV5sTrTNTRHnl3MBmYq449svX8C+wx0YCGjH0+PI=
github.com/go-chi/chi/v5 v5.0.12/go.mod h1:DslCQbO2PYiBr5x8AWmW0XF0jZ90lMQrnJ2zjxrHc04=
github.com/go-chi/httplog/v2 v2.0.11 h1:2G1t4S15KyObp0fSt7rpAmhebI9MLvy/tEUJn8xPQPs=
github.com/go-chi/httplog/v2 v2.0.11/go.mod h1:JyHSRtIH8zZhqyXEpWpRLGWpD9l1x5s6SrPQmcSr8Ic=
github.com/google/uuid v1.6.0 h1:NIvaJDMOsjHA8n1jAhLSgzrAzy1Hgr+hNrb57e+94F0=
github.com/google/uuid v1.6.0/go.mod h1:TIyPZe4Mgqfe5y/P/V4Y0SrFsKWTiwFhj8CfiGG49xI=
github.com/klauspost/compress v1.17.7 h1:ehO88t2UGzQK590LMMDlGpBs5q3hNnCdrVfJ5Tlt/yc=
github.com/klauspost/compress v1.17.7/go.mod h1:di06Ndh0JZPnb8Xqeo/Ts5T/KL9FqpLbFbdAykgjT4I=
github.com/lib/pq v1.10.9 h1:YXG7RB+JIjhP29X+OtkiDnYaXQwpS4JEWq7dtCCRUEw=
github.com/lib/pq v1.10.9/go.mod h1:AlVN5x4E4T544tWzH6hKfbfQvm3HdbOxrmggDNAPY9o=
github.com/nats-io/nats.go v1.34.1 h1:HFk3IBYCtttfujHil6HISgaiM7r3EbGu+aLpSZ7/DTQ=
github.com/nats-io/nats.go v1.34.1/go.mod h1:Ubdu4Nh9exXdSz0RVWRPVb2EMdVuwLMe9EJr6zsQTzo=
github.com/nats-io/nkeys v0.4.7 h1:RwNJbbIdYUpkEQeXrxXYm3zlbqslFMkVndklqClDjP8=
github.com/nats-io/nkeys v0.4.7/go.mod h1:kqXRgPdK0EoJlC/iHuhtaIs3T+u0T4iaVXqIdmlT7N0=
github.com/nats-io/nuid v1.0.1 h1:5iA8DT8V7q8WK2EScv2padNa/rtsxXXoW5ibMV1tEVA=
github.com/nats-io/nuid v1.0.1/go.mod h1:19wcPz3Ph3q0Jbyiqsd0kePYG7A95tJPxeL+1OSON2c=
github.com/pmezard/go-difflib v1.0.0 h1:4DBwDE0NGyQoBHbLQYPwSUPoCMWR5BEzIk/f1lZbAQM=
github.com/pmezard/go-difflib v1.0.0/go.mod h1:iKH77koFhYxTK1pcRnkKkqfTogsbg7gZNVY4sRDYZ/4=
github.com/prometheus/client_golang v1.19.0 h1:ygXvpU1AoN1MbszkNt+ku6IOlbOxtSWr0Rjrb3hlfJQ=
github.com/prometheus/client_golang v1.19.0/go.mod h1:ZRM9uEAypZakQi+qNN4pR91hEf1oEGFld9kfjfmU5XQ=
github.com/prometheus/client_model v0.6.0 h1:ZL8I0qJI7jQ2Gw7t+VDYSjfUe0jnbpG5lduMrxzFDKI=
github.com/prometheus/client_model v0.6.0/go.mod h1:OcVT+P3HciBkzDfs2IoP29yJ8Vlpab/F1Y3i0N5HfWo=
github.com/prometheus/common v0.50.0 h1:YSZE6cMYaA+rsI01IDc2rd7OR71Xtfgk2+NSmuYf0uo=
github.com/prometheus/common v0.50.0/go.mod h1:wHFBCEVWVmHMUpg7pYdOmXBPCfbmxC3/PbaAHl3twK0=
github.com/prometheus/procfs v0.13.0 h1:8WW63C7ZAiFyJxp8Rky/wbYRCRfEI2U3RGEaRLCeCzU=
github.com/prometheus/procfs v0.13.0/go.mod h1:cd4PFCR54QLnGKPaKGA6l+cfuNXtht43ZKYh5yV0P1A=
github.com/redis/go-redis/v9 v9.5.1 h1:H1X4D3yHPaVrkZ5/Wr2nQn3KJcD4ZXI/jOmTwJdEJg=
github.com/redis/go-redis/v9 v9.5.1/go.mod h1:hdY0cQFCN4fSYsk1OqUcn8gyODYtH1dIiY1WyRFYeRm=
github.com/stretchr/objx v0.5.2 h1:xuMeJ0Sdp5ZMRXx/aWO6RZxdr3beISkG5/G/aIRr3pY=
github.com/stretchr/objx v0.5.2/go.mod h1:FRsXN1f5AsAjCGJKqEizvkpNtU+EGNCLh3NxZ/8L+MA=
github.com/stretchr/testify v1.9.0 h1:HtqpIVDClZ4nwg75+f6Lvsy/wHu+3BoSGCbBAcpTsTg=
github.com/stretchr/testify v1.9.0/go.mod h1:r2ic/lqez/lEtzL7wO/rwa5dbSLXVDPFyf8C91i36aY=
golang.org/x/crypto v0.21.0 h1:X31++rzVUdKhX5sWmSOFZxx8UW/ldWx55cbf08iNAMA=
golang.org/x/crypto v0.21.0/go.mod h1:0BP7YvVV9gBbVKyeTG0Gyn+gZm94bibOW5BjDEYAOMs=
golang.org/x/sys v0.18.0 h1:DBdB3niSjOA/O0blCZBqDefyWLYvebug4YVpXQ1IhQE=
golang.org/x/sys v0.18.0/go.mod h1:/VUhepiaJMQUp4+oa/7Zr1D23ma6VTLIYjOOTFZPUcA=
golang.org/x/xerrors v0.0.0-20231012003039-104605ab7028 h1:+cNyLSPBvjknvqUhPI6aNl+KaAYN4iaTMf3/n9exR9c=
golang.org/x/xerrors v0.0.0-20231012003039-104605ab7028/go.mod h1:NDW/Ps6MPZe++nKRLYAOEBt1jEDDP9CfDIOG4fH2U/0=
google.golang.org/protobuf v1.33.0 h1:uNO2rsAINq/XlR3yLwsIhHzQjoHb/T/rqD9Xj9UfIeE=
google.golang.org/protobuf v1.33.0/go.mod h1:c6P6GXX6sHbq/GpV6MGZEdwhWPcYBgnhAHhKbcUYpos=
gopkg.in/check.v1 v0.0.0-20161208181325-20d25e280405 h1:yhCVgyC4o1eVCa2tZl7eS0r+SDo693bJ4dmM0w5HDrE=
gopkg.in/check.v1 v0.0.0-20161208181325-20d25e280405/go.mod h1:Co6ibVJAznAaIkqp8huTwlJQCZ016jof/cbN4VW5Gy0=
gopkg.in/yaml.v3 v3.0.1 h1:fxVm/GzAzEWqLHuvctI91KS9hhNmmWOoWu0XTYJS7CA=
gopkg.in/yaml.v3 v3.0.1/go.mod h1:K4uyk7z7BCEPqu6E+C64Yfv1cQ7kz7rIZviUmN+EgEM=
